
Microsoft Visual Studio Solution File, Format Version 12.00
# Visual Studio Version 17
VisualStudioVersion = 17.11.35327.3
MinimumVisualStudioVersion = 10.0.40219.1
Project("{8BC9CEB8-8B4A-11D0-8D11-00A0C91BC942}") = "laboratory7.2rec", "laboratory7.2rec\laboratory7.2rec.vcxproj", "{EE89CC8C-E118-4D15-AA12-C8E4AFB34116}"
EndProject
Project("{8BC9CEB8-8B4A-11D0-8D11-00A0C91BC942}") = "UnitTest7.2rec", "UnitTest7.2rec\UnitTest7.2rec.vcxproj", "{9B82587C-6E66-48F8-A8B0-ECE304B52FC3}"
EndProject
Global
	GlobalSection(SolutionConfigurationPlatforms) = preSolution
		Debug|x64 = Debug|x64
		Debug|x86 = Debug|x86
		Release|x64 = Release|x64
		Release|x86 = Release|x86
	EndGlobalSection
	GlobalSection(ProjectConfigurationPlatforms) = postSolution
		{EE89CC8C-E118-4D15-AA12-C8E4AFB34116}.Debug|x64.ActiveCfg = Debug|x64
		{EE89CC8C-E118-4D15-AA12-C8E4AFB34116}.Debug|x64.Build.0 = Debug|x64
		{EE89CC8C-E118-4D15-AA12-C8E4AFB34116}.Debug|x86.ActiveCfg = Debug|Win32
		{EE89CC8C-E118-4D15-AA12-C8E4AFB34116}.Debug|x86.Build.0 = Debug|Win32
		{EE89CC8C-E118-4D15-AA12-C8E4AFB34116}.Release|x64.ActiveCfg = Release|x64
		{EE89CC8C-E118-4D15-AA12-C8E4AFB34116}.Release|x64.Build.0 = Release|x64
		{EE89CC8C-E118-4D15-AA12-C8E4AFB34116}.Release|x86.ActiveCfg = Release|Win32
		{EE89CC8C-E118-4D15-AA12-C8E4AFB34116}.Release|x86.Build.0 = Release|Win32
		{9B82587C-6E66-48F8-A8B0-ECE304B52FC3}.Debug|x64.ActiveCfg = Debug|x64
		{9B82587C-6E66-48F8-A8B0-ECE304B52FC3}.Debug|x64.Build.0 = Debug|x64
		{9B82587C-6E66-48F8-A8B0-ECE304B52FC3}.Debug|x86.ActiveCfg = Debug|Win32
		{9B82587C-6E66-48F8-A8B0-ECE304B52FC3}.Debug|x86.Build.0 = Debug|Win32
		{9B82587C-6E66-48F8-A8B0-ECE304B52FC3}.Release|x64.ActiveCfg = Release|x64
		{9B82587C-6E66-48F8-A8B0-ECE304B52FC3}.Release|x64.Build.0 = Release|x64
		{9B82587C-6E66-48F8-A8B0-ECE304B52FC3}.Release|x86.ActiveCfg = Release|Win32
		{9B82587C-6E66-48F8-A8B0-ECE304B52FC3}.Release|x86.Build.0 = Release|Win32
	EndGlobalSection
	GlobalSection(SolutionProperties) = preSolution
		HideSolutionNode = FALSE
	EndGlobalSection
	GlobalSection(ExtensibilityGlobals) = postSolution
		SolutionGuid = {288C73D5-B34A-4049-9F81-8423F7C588E3}
	EndGlobalSection
EndGlobal
